
Microsoft Visual Studio Solution File, Format Version 12.00
# Visual Studio 15
VisualStudioVersion = 15.0.27428.2043
MinimumVisualStudioVersion = 10.0.40219.1
Project("{159641D6-6404-4A2A-AE62-294DE0FE8301}") = "Sekila", "Sekila.dtproj", "{169BE641-1338-4297-A295-23529EC2DF13}"
EndProject
Global
	GlobalSection(SolutionConfigurationPlatforms) = preSolution
		Development|Default = Development|Default
	EndGlobalSection
	GlobalSection(ProjectConfigurationPlatforms) = postSolution
		{169BE641-1338-4297-A295-23529EC2DF13}.Development|Default.ActiveCfg = Development
		{169BE641-1338-4297-A295-23529EC2DF13}.Development|Default.Build.0 = Development
	EndGlobalSection
	GlobalSection(SolutionProperties) = preSolution
		HideSolutionNode = FALSE
	EndGlobalSection
	GlobalSection(ExtensibilityGlobals) = postSolution
		SolutionGuid = {73B64486-57DE-4AAA-B223-F64401BAC96B}
	EndGlobalSection
EndGlobal
